lockfileVersion: '9.0'

settings:
  autoInstallPeers: true
  excludeLinksFromLockfile: false

importers:

  .:
    devDependencies:
      '@typescript-eslint/eslint-plugin':
        specifier: ^8.0.1
        version: 8.0.1
      '@typescript-eslint/parser':
        specifier: ^8.0.1
        version: 8.0.1
      eslint:
        specifier: ^9.9.0
        version: 9.9.0
      eslint-config-prettier:
        specifier: ^9.1.0
        version: 9.1.0
      prettier:
        specifier: ^3.3.3
        version: 3.3.3
      typescript:
        specifier: ^5.5.4
        version: 5.5.4

  apps/api: {}

  apps/web: {}

packages: {}